
Microsoft Visual Studio Solution File, Format Version 10.00
# Visual Studio 2008
Project("{E24C65DC-7377-472B-9ABA-BC803B73C61A}") = "tenpayApp", "E:\WorkFiles\财付通支付统一插件\财付通支付统一插件\cs\tenpayApp", "{ABA0A950-056C-4E3A-9BA9-FEB3607C9C18}"
	ProjectSection(WebsiteProperties) = preProject
		TargetFramework = "3.5"
		Debug.AspNetCompiler.VirtualPath = "/tenpayApp"
		Debug.AspNetCompiler.PhysicalPath = "E:\WorkFiles\财付通支付统一插件\财付通支付统一插件\cs\tenpayApp\"
		Debug.AspNetCompiler.TargetPath = "PrecompiledWeb\tenpayApp\"
		Debug.AspNetCompiler.Updateable = "true"
		Debug.AspNetCompiler.ForceOverwrite = "true"
		Debug.AspNetCompiler.FixedNames = "false"
		Debug.AspNetCompiler.Debug = "True"
		Release.AspNetCompiler.VirtualPath = "/tenpayApp"
		Release.AspNetCompiler.PhysicalPath = "E:\WorkFiles\财付通支付统一插件\财付通支付统一插件\cs\tenpayApp\"
		Release.AspNetCompiler.TargetPath = "PrecompiledWeb\tenpayApp\"
		Release.AspNetCompiler.Updateable = "true"
		Release.AspNetCompiler.ForceOverwrite = "true"
		Release.AspNetCompiler.FixedNames = "false"
		Release.AspNetCompiler.Debug = "False"
		VWDPort = "1709"
		DefaultWebSiteLanguage = "Visual C#"
	EndProjectSection
EndProject
Global
	GlobalSection(SolutionConfigurationPlatforms) = preSolution
		Debug|.NET = Debug|.NET
	EndGlobalSection
	GlobalSection(ProjectConfigurationPlatforms) = postSolution
		{ABA0A950-056C-4E3A-9BA9-FEB3607C9C18}.Debug|.NET.ActiveCfg = Debug|.NET
		{ABA0A950-056C-4E3A-9BA9-FEB3607C9C18}.Debug|.NET.Build.0 = Debug|.NET
	EndGlobalSection
	GlobalSection(SolutionProperties) = preSolution
		HideSolutionNode = FALSE
	EndGlobalSection
EndGlobal
